# THIS IS AN AUTOGENERATED FILE. DO NOT EDIT THIS FILE DIRECTLY.
# yarn lockfile v1


dotenv@^16.0.1:
  version "16.0.1"
  resolved "https://registry.yarnpkg.com/dotenv/-/dotenv-16.0.1.tgz#8f8f9d94876c35dac989876a5d3a82a267fdce1d"

openssl-nodejs@^1.0.5:
  version "1.0.5"
  resolved "https://registry.yarnpkg.com/openssl-nodejs/-/openssl-nodejs-1.0.5.tgz#2249073693eabf5c5b33620eece4bf00bf1f914d"
